
Microsoft Visual Studio Solution File, Format Version 12.00
# Visual Studio Version 17
VisualStudioVersion = 17.8.34511.84
MinimumVisualStudioVersion = 10.0.40219.1
Project("{FAE04EC0-301F-11D3-BF4B-00C04F79EFBC}") = "TakeALot", "TakeALot.csproj", "{616D3134-2899-4319-8711-0C71D9845856}"
EndProject
Global
	GlobalSection(SolutionConfigurationPlatforms) = preSolution
		Debug|Any CPU = Debug|Any CPU
		Release|Any CPU = Release|Any CPU
	EndGlobalSection
	GlobalSection(ProjectConfigurationPlatforms) = postSolution
		{616D3134-2899-4319-8711-0C71D9845856}.Debug|Any CPU.ActiveCfg = Debug|Any CPU
		{616D3134-2899-4319-8711-0C71D9845856}.Debug|Any CPU.Build.0 = Debug|Any CPU
		{616D3134-2899-4319-8711-0C71D9845856}.Release|Any CPU.ActiveCfg = Release|Any CPU
		{616D3134-2899-4319-8711-0C71D9845856}.Release|Any CPU.Build.0 = Release|Any CPU
	EndGlobalSection
	GlobalSection(SolutionProperties) = preSolution
		HideSolutionNode = FALSE
	EndGlobalSection
	GlobalSection(ExtensibilityGlobals) = postSolution
		SolutionGuid = {E53AEB04-F2B9-4EEA-9999-25CFC4509A39}
	EndGlobalSection
EndGlobal
